
Microsoft Visual Studio Solution File, Format Version 12.00
# Visual Studio Version 17
VisualStudioVersion = 17.2.32630.192
MinimumVisualStudioVersion = 10.0.40219.1
Project("{FAE04EC0-301F-11D3-BF4B-00C04F79EFBC}") = "PleaseShareYouCode", "PleaseShareYouCode.csproj", "{0CD32A62-6320-4892-BCBB-509AAD944F31}"
EndProject
Global
	GlobalSection(SolutionConfigurationPlatforms) = preSolution
		Debug|Any CPU = Debug|Any CPU
		Release|Any CPU = Release|Any CPU
	EndGlobalSection
	GlobalSection(ProjectConfigurationPlatforms) = postSolution
		{0CD32A62-6320-4892-BCBB-509AAD944F31}.Debug|Any CPU.ActiveCfg = Debug|Any CPU
		{0CD32A62-6320-4892-BCBB-509AAD944F31}.Debug|Any CPU.Build.0 = Debug|Any CPU
		{0CD32A62-6320-4892-BCBB-509AAD944F31}.Release|Any CPU.ActiveCfg = Release|Any CPU
		{0CD32A62-6320-4892-BCBB-509AAD944F31}.Release|Any CPU.Build.0 = Release|Any CPU
	EndGlobalSection
	GlobalSection(SolutionProperties) = preSolution
		HideSolutionNode = FALSE
	EndGlobalSection
	GlobalSection(ExtensibilityGlobals) = postSolution
		SolutionGuid = {FB29030B-C385-40A8-98F9-2EB218D699D6}
	EndGlobalSection
EndGlobal
